
Microsoft Visual Studio Solution File, Format Version 12.00
# Visual Studio 15
VisualStudioVersion = 15.0.26124.0
MinimumVisualStudioVersion = 15.0.26124.0
Project("{FAE04EC0-301F-11D3-BF4B-00C04F79EFBC}") = "Domain", "Domain\Domain.csproj", "{4FE2D101-9CDD-40DC-8B21-21EC15FA76EB}"
EndProject
Project("{FAE04EC0-301F-11D3-BF4B-00C04F79EFBC}") = "Testing", "Testing\Testing.csproj", "{991ACCAB-79EB-4C96-A6E3-84A9FF733CF9}"
EndProject
Project("{FAE04EC0-301F-11D3-BF4B-00C04F79EFBC}") = "Client", "Client\Client.csproj", "{A3C86EC8-35B0-4D7A-897D-16852E0E7B28}"
EndProject
Global
	GlobalSection(SolutionConfigurationPlatforms) = preSolution
		Debug|Any CPU = Debug|Any CPU
		Debug|x64 = Debug|x64
		Debug|x86 = Debug|x86
		Release|Any CPU = Release|Any CPU
		Release|x64 = Release|x64
		Release|x86 = Release|x86
	EndGlobalSection
	GlobalSection(SolutionProperties) = preSolution
		HideSolutionNode = FALSE
	EndGlobalSection
	GlobalSection(ProjectConfigurationPlatforms) = postSolution
		{4FE2D101-9CDD-40DC-8B21-21EC15FA76EB}.Debug|Any CPU.ActiveCfg = Debug|Any CPU
		{4FE2D101-9CDD-40DC-8B21-21EC15FA76EB}.Debug|Any CPU.Build.0 = Debug|Any CPU
		{4FE2D101-9CDD-40DC-8B21-21EC15FA76EB}.Debug|x64.ActiveCfg = Debug|Any CPU
		{4FE2D101-9CDD-40DC-8B21-21EC15FA76EB}.Debug|x64.Build.0 = Debug|Any CPU
		{4FE2D101-9CDD-40DC-8B21-21EC15FA76EB}.Debug|x86.ActiveCfg = Debug|Any CPU
		{4FE2D101-9CDD-40DC-8B21-21EC15FA76EB}.Debug|x86.Build.0 = Debug|Any CPU
		{4FE2D101-9CDD-40DC-8B21-21EC15FA76EB}.Release|Any CPU.ActiveCfg = Release|Any CPU
		{4FE2D101-9CDD-40DC-8B21-21EC15FA76EB}.Release|Any CPU.Build.0 = Release|Any CPU
		{4FE2D101-9CDD-40DC-8B21-21EC15FA76EB}.Release|x64.ActiveCfg = Release|Any CPU
		{4FE2D101-9CDD-40DC-8B21-21EC15FA76EB}.Release|x64.Build.0 = Release|Any CPU
		{4FE2D101-9CDD-40DC-8B21-21EC15FA76EB}.Release|x86.ActiveCfg = Release|Any CPU
		{4FE2D101-9CDD-40DC-8B21-21EC15FA76EB}.Release|x86.Build.0 = Release|Any CPU
		{991ACCAB-79EB-4C96-A6E3-84A9FF733CF9}.Debug|Any CPU.ActiveCfg = Debug|Any CPU
		{991ACCAB-79EB-4C96-A6E3-84A9FF733CF9}.Debug|Any CPU.Build.0 = Debug|Any CPU
		{991ACCAB-79EB-4C96-A6E3-84A9FF733CF9}.Debug|x64.ActiveCfg = Debug|Any CPU
		{991ACCAB-79EB-4C96-A6E3-84A9FF733CF9}.Debug|x64.Build.0 = Debug|Any CPU
		{991ACCAB-79EB-4C96-A6E3-84A9FF733CF9}.Debug|x86.ActiveCfg = Debug|Any CPU
		{991ACCAB-79EB-4C96-A6E3-84A9FF733CF9}.Debug|x86.Build.0 = Debug|Any CPU
		{991ACCAB-79EB-4C96-A6E3-84A9FF733CF9}.Release|Any CPU.ActiveCfg = Release|Any CPU
		{991ACCAB-79EB-4C96-A6E3-84A9FF733CF9}.Release|Any CPU.Build.0 = Release|Any CPU
		{991ACCAB-79EB-4C96-A6E3-84A9FF733CF9}.Release|x64.ActiveCfg = Release|Any CPU
		{991ACCAB-79EB-4C96-A6E3-84A9FF733CF9}.Release|x64.Build.0 = Release|Any CPU
		{991ACCAB-79EB-4C96-A6E3-84A9FF733CF9}.Release|x86.ActiveCfg = Release|Any CPU
		{991ACCAB-79EB-4C96-A6E3-84A9FF733CF9}.Release|x86.Build.0 = Release|Any CPU
		{A3C86EC8-35B0-4D7A-897D-16852E0E7B28}.Debug|Any CPU.ActiveCfg = Debug|Any CPU
		{A3C86EC8-35B0-4D7A-897D-16852E0E7B28}.Debug|Any CPU.Build.0 = Debug|Any CPU
		{A3C86EC8-35B0-4D7A-897D-16852E0E7B28}.Debug|x64.ActiveCfg = Debug|Any CPU
		{A3C86EC8-35B0-4D7A-897D-16852E0E7B28}.Debug|x64.Build.0 = Debug|Any CPU
		{A3C86EC8-35B0-4D7A-897D-16852E0E7B28}.Debug|x86.ActiveCfg = Debug|Any CPU
		{A3C86EC8-35B0-4D7A-897D-16852E0E7B28}.Debug|x86.Build.0 = Debug|Any CPU
		{A3C86EC8-35B0-4D7A-897D-16852E0E7B28}.Release|Any CPU.ActiveCfg = Release|Any CPU
		{A3C86EC8-35B0-4D7A-897D-16852E0E7B28}.Release|Any CPU.Build.0 = Release|Any CPU
		{A3C86EC8-35B0-4D7A-897D-16852E0E7B28}.Release|x64.ActiveCfg = Release|Any CPU
		{A3C86EC8-35B0-4D7A-897D-16852E0E7B28}.Release|x64.Build.0 = Release|Any CPU
		{A3C86EC8-35B0-4D7A-897D-16852E0E7B28}.Release|x86.ActiveCfg = Release|Any CPU
		{A3C86EC8-35B0-4D7A-897D-16852E0E7B28}.Release|x86.Build.0 = Release|Any CPU
	EndGlobalSection
EndGlobal
